
Microsoft Visual Studio Solution File, Format Version 12.00
# Visual Studio Express 2012 for Web
Project("{E24C65DC-7377-472B-9ABA-BC803B73C61A}") = "OPC-DA-ASPNET-Client", ".", "{9A6A2CD3-3F18-4340-B495-4F3A6E6B1B9C}"
	ProjectSection(WebsiteProperties) = preProject
		TargetFrameworkMoniker = ".NETFramework,Version%3Dv4.5"
		Debug.AspNetCompiler.VirtualPath = "/OPC-DA-ASPNET-Client"
		Debug.AspNetCompiler.PhysicalPath = "E:\GitHub\OPC-DA-ASPNET-Client\"
		Debug.AspNetCompiler.TargetPath = "PrecompiledWeb\OPC-DA-ASPNET-Client\"
		Debug.AspNetCompiler.Updateable = "true"
		Debug.AspNetCompiler.ForceOverwrite = "true"
		Debug.AspNetCompiler.FixedNames = "false"
		Debug.AspNetCompiler.Debug = "True"
		Release.AspNetCompiler.VirtualPath = "/OPC-DA-ASPNET-Client"
		Release.AspNetCompiler.PhysicalPath = "E:\GitHub\OPC-DA-ASPNET-Client\"
		Release.AspNetCompiler.TargetPath = "PrecompiledWeb\OPC-DA-ASPNET-Client\"
		Release.AspNetCompiler.Updateable = "true"
		Release.AspNetCompiler.ForceOverwrite = "true"
		Release.AspNetCompiler.FixedNames = "false"
		Release.AspNetCompiler.Debug = "False"
		VWDPort = "54678"
	EndProjectSection
EndProject
Global
	GlobalSection(SolutionConfigurationPlatforms) = preSolution
		Debug|Any CPU = Debug|Any CPU
	EndGlobalSection
	GlobalSection(ProjectConfigurationPlatforms) = postSolution
		{9A6A2CD3-3F18-4340-B495-4F3A6E6B1B9C}.Debug|Any CPU.ActiveCfg = Debug|Any CPU
		{9A6A2CD3-3F18-4340-B495-4F3A6E6B1B9C}.Debug|Any CPU.Build.0 = Debug|Any CPU
	EndGlobalSection
	GlobalSection(SolutionProperties) = preSolution
		HideSolutionNode = FALSE
	EndGlobalSection
EndGlobal
